
Microsoft Visual Studio Solution File, Format Version 12.00
# Visual Studio Version 17
VisualStudioVersion = 17.3.32819.101
MinimumVisualStudioVersion = 10.0.40219.1
Project("{FAE04EC0-301F-11D3-BF4B-00C04F79EFBC}") = "BoosterTankSpeedMod_BZ", "BoosterTankSpeedModifier_BZ\BoosterTankSpeedMod_BZ\BoosterTankSpeedMod_BZ.csproj", "{B709C554-2724-4019-8D94-18FC0FF7E659}"
EndProject
Project("{FAE04EC0-301F-11D3-BF4B-00C04F79EFBC}") = "PrawnRepairAndCharge_BZ", "PrawnRepairAndCharge_BZ\PrawnRepairAndCharge_BZ\PrawnRepairAndCharge_BZ.csproj", "{F0181A30-885F-4EC4-83F2-1CB8446F06AF}"
EndProject
Project("{FAE04EC0-301F-11D3-BF4B-00C04F79EFBC}") = "SeaTruckSpeedMod_BZ", "SeaTruckSpeedModifier_BZ\SeaTruckSpeedMod_BZ\SeaTruckSpeedMod_BZ.csproj", "{35AA2D4F-53EC-4A63-895C-CD16700C2CF1}"
EndProject
Project("{FAE04EC0-301F-11D3-BF4B-00C04F79EFBC}") = "UnlimitedExtinguisher_SN", "UnlimitedExtinguisher_SN\UnlimitedExtinguisher_SN\UnlimitedExtinguisher_SN.csproj", "{5466B5E2-E6E0-4390-B64D-C87431A59AB1}"
EndProject
Project("{FAE04EC0-301F-11D3-BF4B-00C04F79EFBC}") = "PrawnSuitThrustMod_BZ", "PrawnSuitThrustMod_BZ\PrawnSuitThrustMod_BZ.csproj", "{073974A1-E576-43F3-8CBF-189773B1E2A9}"
EndProject
Project("{FAE04EC0-301F-11D3-BF4B-00C04F79EFBC}") = "SeaTruckFishScoop_BZ", "SeaTruckFishScoop_BZ\SeaTruckFishScoop_BZ.csproj", "{82588D3C-DB92-4918-AAC0-0CCCACC20F3D}"
EndProject
Project("{2150E333-8FDC-42A3-9474-1A3956D46DE8}") = "Solution Items", "Solution Items", "{F119E101-CE62-43D3-BE75-7F14C49C3C0C}"
EndProject
Project("{FAE04EC0-301F-11D3-BF4B-00C04F79EFBC}") = "CreaturePetMod_BZ", "CreaturePetMod_BZ\CreaturePetMod_BZ.csproj", "{7F20D747-77F2-4CA5-B3F8-329C88E867C0}"
EndProject
Project("{FAE04EC0-301F-11D3-BF4B-00C04F79EFBC}") = "CreaturePetMod_SN", "CreaturePetMod_SN\CreaturePetMod_SN.csproj", "{E4821B6E-1786-4EF9-B48D-2847405E78F0}"
EndProject
Global
	GlobalSection(SolutionConfigurationPlatforms) = preSolution
		Below Zero|Any CPU = Below Zero|Any CPU
		Debug|Any CPU = Debug|Any CPU
		Release|Any CPU = Release|Any CPU
		Subnautica|Any CPU = Subnautica|Any CPU
	EndGlobalSection
	GlobalSection(ProjectConfigurationPlatforms) = postSolution
		{B709C554-2724-4019-8D94-18FC0FF7E659}.Below Zero|Any CPU.ActiveCfg = Below Zero|Any CPU
		{B709C554-2724-4019-8D94-18FC0FF7E659}.Below Zero|Any CPU.Build.0 = Below Zero|Any CPU
		{B709C554-2724-4019-8D94-18FC0FF7E659}.Debug|Any CPU.ActiveCfg = Debug|Any CPU
		{B709C554-2724-4019-8D94-18FC0FF7E659}.Debug|Any CPU.Build.0 = Debug|Any CPU
		{B709C554-2724-4019-8D94-18FC0FF7E659}.Release|Any CPU.ActiveCfg = Release|Any CPU
		{B709C554-2724-4019-8D94-18FC0FF7E659}.Release|Any CPU.Build.0 = Release|Any CPU
		{B709C554-2724-4019-8D94-18FC0FF7E659}.Subnautica|Any CPU.ActiveCfg = Subnautica|Any CPU
		{B709C554-2724-4019-8D94-18FC0FF7E659}.Subnautica|Any CPU.Build.0 = Subnautica|Any CPU
		{F0181A30-885F-4EC4-83F2-1CB8446F06AF}.Below Zero|Any CPU.ActiveCfg = Below Zero|Any CPU
		{F0181A30-885F-4EC4-83F2-1CB8446F06AF}.Below Zero|Any CPU.Build.0 = Below Zero|Any CPU
		{F0181A30-885F-4EC4-83F2-1CB8446F06AF}.Debug|Any CPU.ActiveCfg = Debug|Any CPU
		{F0181A30-885F-4EC4-83F2-1CB8446F06AF}.Debug|Any CPU.Build.0 = Debug|Any CPU
		{F0181A30-885F-4EC4-83F2-1CB8446F06AF}.Release|Any CPU.ActiveCfg = Release|Any CPU
		{F0181A30-885F-4EC4-83F2-1CB8446F06AF}.Release|Any CPU.Build.0 = Release|Any CPU
		{F0181A30-885F-4EC4-83F2-1CB8446F06AF}.Subnautica|Any CPU.ActiveCfg = Subnautica|Any CPU
		{F0181A30-885F-4EC4-83F2-1CB8446F06AF}.Subnautica|Any CPU.Build.0 = Subnautica|Any CPU
		{35AA2D4F-53EC-4A63-895C-CD16700C2CF1}.Below Zero|Any CPU.ActiveCfg = Below Zero|Any CPU
		{35AA2D4F-53EC-4A63-895C-CD16700C2CF1}.Below Zero|Any CPU.Build.0 = Below Zero|Any CPU
		{35AA2D4F-53EC-4A63-895C-CD16700C2CF1}.Debug|Any CPU.ActiveCfg = Debug|Any CPU
		{35AA2D4F-53EC-4A63-895C-CD16700C2CF1}.Debug|Any CPU.Build.0 = Debug|Any CPU
		{35AA2D4F-53EC-4A63-895C-CD16700C2CF1}.Release|Any CPU.ActiveCfg = Release|Any CPU
		{35AA2D4F-53EC-4A63-895C-CD16700C2CF1}.Release|Any CPU.Build.0 = Release|Any CPU
		{35AA2D4F-53EC-4A63-895C-CD16700C2CF1}.Subnautica|Any CPU.ActiveCfg = Subnautica|Any CPU
		{35AA2D4F-53EC-4A63-895C-CD16700C2CF1}.Subnautica|Any CPU.Build.0 = Subnautica|Any CPU
		{5466B5E2-E6E0-4390-B64D-C87431A59AB1}.Below Zero|Any CPU.ActiveCfg = Below Zero|Any CPU
		{5466B5E2-E6E0-4390-B64D-C87431A59AB1}.Below Zero|Any CPU.Build.0 = Below Zero|Any CPU
		{5466B5E2-E6E0-4390-B64D-C87431A59AB1}.Debug|Any CPU.ActiveCfg = Debug|Any CPU
		{5466B5E2-E6E0-4390-B64D-C87431A59AB1}.Debug|Any CPU.Build.0 = Debug|Any CPU
		{5466B5E2-E6E0-4390-B64D-C87431A59AB1}.Release|Any CPU.ActiveCfg = Release|Any CPU
		{5466B5E2-E6E0-4390-B64D-C87431A59AB1}.Release|Any CPU.Build.0 = Release|Any CPU
		{5466B5E2-E6E0-4390-B64D-C87431A59AB1}.Subnautica|Any CPU.ActiveCfg = Subnautica|Any CPU
		{5466B5E2-E6E0-4390-B64D-C87431A59AB1}.Subnautica|Any CPU.Build.0 = Subnautica|Any CPU
		{073974A1-E576-43F3-8CBF-189773B1E2A9}.Below Zero|Any CPU.ActiveCfg = Below Zero|Any CPU
		{073974A1-E576-43F3-8CBF-189773B1E2A9}.Below Zero|Any CPU.Build.0 = Below Zero|Any CPU
		{073974A1-E576-43F3-8CBF-189773B1E2A9}.Debug|Any CPU.ActiveCfg = Debug|Any CPU
		{073974A1-E576-43F3-8CBF-189773B1E2A9}.Debug|Any CPU.Build.0 = Debug|Any CPU
		{073974A1-E576-43F3-8CBF-189773B1E2A9}.Release|Any CPU.ActiveCfg = Release|Any CPU
		{073974A1-E576-43F3-8CBF-189773B1E2A9}.Release|Any CPU.Build.0 = Release|Any CPU
		{073974A1-E576-43F3-8CBF-189773B1E2A9}.Subnautica|Any CPU.ActiveCfg = Subnautica|Any CPU
		{073974A1-E576-43F3-8CBF-189773B1E2A9}.Subnautica|Any CPU.Build.0 = Subnautica|Any CPU
		{82588D3C-DB92-4918-AAC0-0CCCACC20F3D}.Below Zero|Any CPU.ActiveCfg = Below Zero|Any CPU
		{82588D3C-DB92-4918-AAC0-0CCCACC20F3D}.Below Zero|Any CPU.Build.0 = Below Zero|Any CPU
		{82588D3C-DB92-4918-AAC0-0CCCACC20F3D}.Debug|Any CPU.ActiveCfg = Debug|Any CPU
		{82588D3C-DB92-4918-AAC0-0CCCACC20F3D}.Debug|Any CPU.Build.0 = Debug|Any CPU
		{82588D3C-DB92-4918-AAC0-0CCCACC20F3D}.Release|Any CPU.ActiveCfg = Release|Any CPU
		{82588D3C-DB92-4918-AAC0-0CCCACC20F3D}.Release|Any CPU.Build.0 = Release|Any CPU
		{82588D3C-DB92-4918-AAC0-0CCCACC20F3D}.Subnautica|Any CPU.ActiveCfg = Subnautica|Any CPU
		{82588D3C-DB92-4918-AAC0-0CCCACC20F3D}.Subnautica|Any CPU.Build.0 = Subnautica|Any CPU
		{7F20D747-77F2-4CA5-B3F8-329C88E867C0}.Below Zero|Any CPU.ActiveCfg = Below Zero|Any CPU
		{7F20D747-77F2-4CA5-B3F8-329C88E867C0}.Below Zero|Any CPU.Build.0 = Below Zero|Any CPU
		{7F20D747-77F2-4CA5-B3F8-329C88E867C0}.Debug|Any CPU.ActiveCfg = Debug|Any CPU
		{7F20D747-77F2-4CA5-B3F8-329C88E867C0}.Debug|Any CPU.Build.0 = Debug|Any CPU
		{7F20D747-77F2-4CA5-B3F8-329C88E867C0}.Release|Any CPU.ActiveCfg = Release|Any CPU
		{7F20D747-77F2-4CA5-B3F8-329C88E867C0}.Release|Any CPU.Build.0 = Release|Any CPU
		{7F20D747-77F2-4CA5-B3F8-329C88E867C0}.Subnautica|Any CPU.ActiveCfg = Subnautica|Any CPU
		{7F20D747-77F2-4CA5-B3F8-329C88E867C0}.Subnautica|Any CPU.Build.0 = Subnautica|Any CPU
		{E4821B6E-1786-4EF9-B48D-2847405E78F0}.Below Zero|Any CPU.ActiveCfg = Below Zero|Any CPU
		{E4821B6E-1786-4EF9-B48D-2847405E78F0}.Below Zero|Any CPU.Build.0 = Below Zero|Any CPU
		{E4821B6E-1786-4EF9-B48D-2847405E78F0}.Debug|Any CPU.ActiveCfg = Debug|Any CPU
		{E4821B6E-1786-4EF9-B48D-2847405E78F0}.Debug|Any CPU.Build.0 = Debug|Any CPU
		{E4821B6E-1786-4EF9-B48D-2847405E78F0}.Release|Any CPU.ActiveCfg = Release|Any CPU
		{E4821B6E-1786-4EF9-B48D-2847405E78F0}.Release|Any CPU.Build.0 = Release|Any CPU
		{E4821B6E-1786-4EF9-B48D-2847405E78F0}.Subnautica|Any CPU.ActiveCfg = Subnautica|Any CPU
		{E4821B6E-1786-4EF9-B48D-2847405E78F0}.Subnautica|Any CPU.Build.0 = Subnautica|Any CPU
	EndGlobalSection
	GlobalSection(SolutionProperties) = preSolution
		HideSolutionNode = FALSE
	EndGlobalSection
	GlobalSection(ExtensibilityGlobals) = postSolution
		SolutionGuid = {DAF74111-BA59-4F12-9B63-549EB0B8F5D5}
		        SolutionGuid = {3DC6A6DD-22CC-45F9-9AC2-ACD7DC8CCBD7}
		            SolutionGuid = {B7C207F6-0B63-4258-B838-FA393F8CEA5F}
		    SolutionGuid = {F75DB666-86C3-40EC-BB33-11B2BCDD7844}
	EndGlobalSection
EndGlobal
