
Microsoft Visual Studio Solution File, Format Version 12.00
# Visual Studio Version 16
VisualStudioVersion = 16.0.31313.79
MinimumVisualStudioVersion = 10.0.40219.1
Project("{FAE04EC0-301F-11D3-BF4B-00C04F79EFBC}") = "SeaTruckSpeedMod_BZ", "SeaTruckSpeedMod_BZ\SeaTruckSpeedMod_BZ.csproj", "{B709C554-2724-4019-8D94-18FC0FF7E659}"
EndProject
Global
	GlobalSection(SolutionConfigurationPlatforms) = preSolution
		Debug|Any CPU = Debug|Any CPU
		Release|Any CPU = Release|Any CPU
	EndGlobalSection
	GlobalSection(ProjectConfigurationPlatforms) = postSolution
		{B709C554-2724-4019-8D94-18FC0FF7E659}.Debug|Any CPU.ActiveCfg = Debug|Any CPU
		{B709C554-2724-4019-8D94-18FC0FF7E659}.Debug|Any CPU.Build.0 = Debug|Any CPU
		{B709C554-2724-4019-8D94-18FC0FF7E659}.Release|Any CPU.ActiveCfg = Release|Any CPU
		{B709C554-2724-4019-8D94-18FC0FF7E659}.Release|Any CPU.Build.0 = Release|Any CPU
	EndGlobalSection
	GlobalSection(SolutionProperties) = preSolution
		HideSolutionNode = FALSE
	EndGlobalSection
	GlobalSection(ExtensibilityGlobals) = postSolution
		SolutionGuid = {89449EC9-DAE8-4F36-A4CE-10F02E83E476}
	EndGlobalSection
EndGlobal
